
Microsoft Visual Studio Solution File, Format Version 12.00
# Visual Studio Version 16
VisualStudioVersion = 16.0.31129.286
MinimumVisualStudioVersion = 10.0.40219.1
Project("{2150E333-8FDC-42A3-9474-1A3956D46DE8}") = "Services", "Services", "{8FAD29CC-7B48-48B0-AABA-BB8B99692348}"
EndProject
Project("{2150E333-8FDC-42A3-9474-1A3956D46DE8}") = "Catalog", "Catalog", "{32AFC21C-DC77-492C-8392-ED78C3D3EB3A}"
EndProject
Project("{9A19103F-16F7-4668-BE54-9A1E7A4F7556}") = "Catalog.API", "Services\Catalog\Catalog.API\Catalog.API.csproj", "{E724CB4E-A446-4306-B3BD-E85963FCC9AF}"
EndProject
Project("{E53339B2-1760-4266-BCC7-CA923CBCF16C}") = "docker-compose", "docker-compose.dcproj", "{2296C811-A4D1-4E0F-B8CC-58D5004FFCC7}"
EndProject
Project("{2150E333-8FDC-42A3-9474-1A3956D46DE8}") = "Basket", "Basket", "{5BF1555F-B841-4C3C-A3CD-20875AC6A623}"
EndProject
Project("{9A19103F-16F7-4668-BE54-9A1E7A4F7556}") = "Basket.API", "Services\Basket\Basket.API\Basket.API.csproj", "{7FC9F585-E8C9-43A8-BB20-E21125141377}"
EndProject
Project("{2150E333-8FDC-42A3-9474-1A3956D46DE8}") = "Discount", "Discount", "{047538C7-D721-4E70-8E45-F331D8549DB0}"
EndProject
Project("{9A19103F-16F7-4668-BE54-9A1E7A4F7556}") = "Discount.API", "Services\Discount\Discount.API\Discount.API.csproj", "{C336CBCA-3623-459A-BCD4-A96EC0B34483}"
EndProject
Project("{9A19103F-16F7-4668-BE54-9A1E7A4F7556}") = "Discount.Grpc", "Services\Discount\Discount.Grpc\Discount.Grpc.csproj", "{FF27F8E4-D6AA-4C52-BAF5-90A467234D47}"
EndProject
Project("{2150E333-8FDC-42A3-9474-1A3956D46DE8}") = "Ordering", "Ordering", "{1E05A3CD-0D36-4737-9745-AE658B750EBE}"
EndProject
Project("{9A19103F-16F7-4668-BE54-9A1E7A4F7556}") = "Ordering.API", "Services\Ordering\Ordering.API\Ordering.API.csproj", "{D5246D8E-7FA9-4BE7-A417-1504F1848292}"
EndProject
Project("{9A19103F-16F7-4668-BE54-9A1E7A4F7556}") = "Ordering.Domain", "Services\Ordering\Ordering.Domain\Ordering.Domain.csproj", "{7B5F76DC-BFEF-49A3-98C6-9E1A5265FFE8}"
EndProject
Project("{9A19103F-16F7-4668-BE54-9A1E7A4F7556}") = "Ordering.Application", "Services\Ordering\Ordering.Application\Ordering.Application.csproj", "{6F673A03-A546-4390-9926-85A3DB3FE7D0}"
EndProject
Project("{9A19103F-16F7-4668-BE54-9A1E7A4F7556}") = "Ordering.Infrastructure", "Services\Ordering\Ordering.Infrastructure\Ordering.Infrastructure.csproj", "{72EAB771-A99C-4C8D-ADB7-B1E5152CEE4E}"
EndProject
Global
	GlobalSection(SolutionConfigurationPlatforms) = preSolution
		Debug|Any CPU = Debug|Any CPU
		Release|Any CPU = Release|Any CPU
	EndGlobalSection
	GlobalSection(ProjectConfigurationPlatforms) = postSolution
		{E724CB4E-A446-4306-B3BD-E85963FCC9AF}.Debug|Any CPU.ActiveCfg = Debug|Any CPU
		{E724CB4E-A446-4306-B3BD-E85963FCC9AF}.Debug|Any CPU.Build.0 = Debug|Any CPU
		{E724CB4E-A446-4306-B3BD-E85963FCC9AF}.Release|Any CPU.ActiveCfg = Release|Any CPU
		{E724CB4E-A446-4306-B3BD-E85963FCC9AF}.Release|Any CPU.Build.0 = Release|Any CPU
		{2296C811-A4D1-4E0F-B8CC-58D5004FFCC7}.Debug|Any CPU.ActiveCfg = Debug|Any CPU
		{2296C811-A4D1-4E0F-B8CC-58D5004FFCC7}.Debug|Any CPU.Build.0 = Debug|Any CPU
		{2296C811-A4D1-4E0F-B8CC-58D5004FFCC7}.Release|Any CPU.ActiveCfg = Release|Any CPU
		{2296C811-A4D1-4E0F-B8CC-58D5004FFCC7}.Release|Any CPU.Build.0 = Release|Any CPU
		{7FC9F585-E8C9-43A8-BB20-E21125141377}.Debug|Any CPU.ActiveCfg = Debug|Any CPU
		{7FC9F585-E8C9-43A8-BB20-E21125141377}.Debug|Any CPU.Build.0 = Debug|Any CPU
		{7FC9F585-E8C9-43A8-BB20-E21125141377}.Release|Any CPU.ActiveCfg = Release|Any CPU
		{7FC9F585-E8C9-43A8-BB20-E21125141377}.Release|Any CPU.Build.0 = Release|Any CPU
		{C336CBCA-3623-459A-BCD4-A96EC0B34483}.Debug|Any CPU.ActiveCfg = Debug|Any CPU
		{C336CBCA-3623-459A-BCD4-A96EC0B34483}.Debug|Any CPU.Build.0 = Debug|Any CPU
		{C336CBCA-3623-459A-BCD4-A96EC0B34483}.Release|Any CPU.ActiveCfg = Release|Any CPU
		{C336CBCA-3623-459A-BCD4-A96EC0B34483}.Release|Any CPU.Build.0 = Release|Any CPU
		{FF27F8E4-D6AA-4C52-BAF5-90A467234D47}.Debug|Any CPU.ActiveCfg = Debug|Any CPU
		{FF27F8E4-D6AA-4C52-BAF5-90A467234D47}.Debug|Any CPU.Build.0 = Debug|Any CPU
		{FF27F8E4-D6AA-4C52-BAF5-90A467234D47}.Release|Any CPU.ActiveCfg = Release|Any CPU
		{FF27F8E4-D6AA-4C52-BAF5-90A467234D47}.Release|Any CPU.Build.0 = Release|Any CPU
		{D5246D8E-7FA9-4BE7-A417-1504F1848292}.Debug|Any CPU.ActiveCfg = Debug|Any CPU
		{D5246D8E-7FA9-4BE7-A417-1504F1848292}.Debug|Any CPU.Build.0 = Debug|Any CPU
		{D5246D8E-7FA9-4BE7-A417-1504F1848292}.Release|Any CPU.ActiveCfg = Release|Any CPU
		{D5246D8E-7FA9-4BE7-A417-1504F1848292}.Release|Any CPU.Build.0 = Release|Any CPU
		{7B5F76DC-BFEF-49A3-98C6-9E1A5265FFE8}.Debug|Any CPU.ActiveCfg = Debug|Any CPU
		{7B5F76DC-BFEF-49A3-98C6-9E1A5265FFE8}.Debug|Any CPU.Build.0 = Debug|Any CPU
		{7B5F76DC-BFEF-49A3-98C6-9E1A5265FFE8}.Release|Any CPU.ActiveCfg = Release|Any CPU
		{7B5F76DC-BFEF-49A3-98C6-9E1A5265FFE8}.Release|Any CPU.Build.0 = Release|Any CPU
		{6F673A03-A546-4390-9926-85A3DB3FE7D0}.Debug|Any CPU.ActiveCfg = Debug|Any CPU
		{6F673A03-A546-4390-9926-85A3DB3FE7D0}.Debug|Any CPU.Build.0 = Debug|Any CPU
		{6F673A03-A546-4390-9926-85A3DB3FE7D0}.Release|Any CPU.ActiveCfg = Release|Any CPU
		{6F673A03-A546-4390-9926-85A3DB3FE7D0}.Release|Any CPU.Build.0 = Release|Any CPU
		{72EAB771-A99C-4C8D-ADB7-B1E5152CEE4E}.Debug|Any CPU.ActiveCfg = Debug|Any CPU
		{72EAB771-A99C-4C8D-ADB7-B1E5152CEE4E}.Debug|Any CPU.Build.0 = Debug|Any CPU
		{72EAB771-A99C-4C8D-ADB7-B1E5152CEE4E}.Release|Any CPU.ActiveCfg = Release|Any CPU
		{72EAB771-A99C-4C8D-ADB7-B1E5152CEE4E}.Release|Any CPU.Build.0 = Release|Any CPU
	EndGlobalSection
	GlobalSection(SolutionProperties) = preSolution
		HideSolutionNode = FALSE
	EndGlobalSection
	GlobalSection(NestedProjects) = preSolution
		{32AFC21C-DC77-492C-8392-ED78C3D3EB3A} = {8FAD29CC-7B48-48B0-AABA-BB8B99692348}
		{E724CB4E-A446-4306-B3BD-E85963FCC9AF} = {32AFC21C-DC77-492C-8392-ED78C3D3EB3A}
		{5BF1555F-B841-4C3C-A3CD-20875AC6A623} = {8FAD29CC-7B48-48B0-AABA-BB8B99692348}
		{7FC9F585-E8C9-43A8-BB20-E21125141377} = {5BF1555F-B841-4C3C-A3CD-20875AC6A623}
		{047538C7-D721-4E70-8E45-F331D8549DB0} = {8FAD29CC-7B48-48B0-AABA-BB8B99692348}
		{C336CBCA-3623-459A-BCD4-A96EC0B34483} = {047538C7-D721-4E70-8E45-F331D8549DB0}
		{FF27F8E4-D6AA-4C52-BAF5-90A467234D47} = {047538C7-D721-4E70-8E45-F331D8549DB0}
		{1E05A3CD-0D36-4737-9745-AE658B750EBE} = {8FAD29CC-7B48-48B0-AABA-BB8B99692348}
		{D5246D8E-7FA9-4BE7-A417-1504F1848292} = {1E05A3CD-0D36-4737-9745-AE658B750EBE}
		{7B5F76DC-BFEF-49A3-98C6-9E1A5265FFE8} = {1E05A3CD-0D36-4737-9745-AE658B750EBE}
		{6F673A03-A546-4390-9926-85A3DB3FE7D0} = {1E05A3CD-0D36-4737-9745-AE658B750EBE}
		{72EAB771-A99C-4C8D-ADB7-B1E5152CEE4E} = {1E05A3CD-0D36-4737-9745-AE658B750EBE}
	EndGlobalSection
	GlobalSection(ExtensibilityGlobals) = postSolution
		SolutionGuid = {68216894-762B-4B69-B613-DD4FD765ECD0}
	EndGlobalSection
EndGlobal
